PODS:
  - CocoaAsyncSocket (7.5.1):
    - CocoaAsyncSocket/GCD (= 7.5.1)
  - CocoaAsyncSocket/GCD (7.5.1)
  - SwiftyPaperTrail (0.1.0):
    - CocoaAsyncSocket

DEPENDENCIES:
  - SwiftyPaperTrail (from `../`)

EXTERNAL SOURCES:
  SwiftyPaperTrail:
    :path: "../"

SPEC CHECKSUMS:
  CocoaAsyncSocket: e0a7e93b2ffa411592ff87e58524fbbc9b95b4fa
  SwiftyPaperTrail: 8a3e0f12f3023c6c14000a1b6dfb22ae133c3081

PODFILE CHECKSUM: 84af1f98ec053722db89e63c6c68769cbb578f3d

COCOAPODS: 1.1.1
